
Microsoft Visual Studio Solution File, Format Version 12.00
# Visual Studio Version 16
VisualStudioVersion = 16.0.29728.190
MinimumVisualStudioVersion = 10.0.40219.1
Project("{FAE04EC0-301F-11D3-BF4B-00C04F79EFBC}") = "Restaurant", "Restaurant.csproj", "{9AE189FD-FDEA-492A-9ED5-742503739A8F}"
EndProject
Global
	GlobalSection(SolutionConfigurationPlatforms) = preSolution
		Debug|Any CPU = Debug|Any CPU
		Release|Any CPU = Release|Any CPU
	EndGlobalSection
	GlobalSection(ProjectConfigurationPlatforms) = postSolution
		{9AE189FD-FDEA-492A-9ED5-742503739A8F}.Debug|Any CPU.ActiveCfg = Debug|Any CPU
		{9AE189FD-FDEA-492A-9ED5-742503739A8F}.Debug|Any CPU.Build.0 = Debug|Any CPU
		{9AE189FD-FDEA-492A-9ED5-742503739A8F}.Release|Any CPU.ActiveCfg = Release|Any CPU
		{9AE189FD-FDEA-492A-9ED5-742503739A8F}.Release|Any CPU.Build.0 = Release|Any CPU
	EndGlobalSection
	GlobalSection(SolutionProperties) = preSolution
		HideSolutionNode = FALSE
	EndGlobalSection
	GlobalSection(ExtensibilityGlobals) = postSolution
		SolutionGuid = {6E4261FB-690E-4030-A965-31E19D1F8420}
	EndGlobalSection
EndGlobal
